
Microsoft Visual Studio Solution File, Format Version 12.00
# Visual Studio Version 16
VisualStudioVersion = 16.0.31019.35
MinimumVisualStudioVersion = 10.0.40219.1
Project("{9A19103F-16F7-4668-BE54-9A1E7A4F7556}") = "CodeChallenge.Web", "CodeChallenge\CodeChallenge.Web.csproj", "{1D9EAE30-CB34-46B7-B518-AE410FEDD996}"
EndProject
Project("{9A19103F-16F7-4668-BE54-9A1E7A4F7556}") = "CodeChallenge.Persistence", "CodeChallenge.Persistence\CodeChallenge.Persistence.csproj", "{A1CC6FF0-A6C2-40AC-B3D5-96D627B1A91A}"
EndProject
Project("{9A19103F-16F7-4668-BE54-9A1E7A4F7556}") = "CodeChallenge.Service", "CodeChallenge.Service\CodeChallenge.Service.csproj", "{6A04A9E0-33B4-4637-A284-0D498F8C9708}"
EndProject
Project("{9A19103F-16F7-4668-BE54-9A1E7A4F7556}") = "CodeChallenge.API", "CodeChallenge.API\CodeChallenge.API.csproj", "{595AC75A-35AB-440C-8E52-FE63F5162FA6}"
EndProject
Global
	GlobalSection(SolutionConfigurationPlatforms) = preSolution
		Debug|Any CPU = Debug|Any CPU
		Release|Any CPU = Release|Any CPU
	EndGlobalSection
	GlobalSection(ProjectConfigurationPlatforms) = postSolution
		{1D9EAE30-CB34-46B7-B518-AE410FEDD996}.Debug|Any CPU.ActiveCfg = Debug|Any CPU
		{1D9EAE30-CB34-46B7-B518-AE410FEDD996}.Debug|Any CPU.Build.0 = Debug|Any CPU
		{1D9EAE30-CB34-46B7-B518-AE410FEDD996}.Release|Any CPU.ActiveCfg = Release|Any CPU
		{1D9EAE30-CB34-46B7-B518-AE410FEDD996}.Release|Any CPU.Build.0 = Release|Any CPU
		{A1CC6FF0-A6C2-40AC-B3D5-96D627B1A91A}.Debug|Any CPU.ActiveCfg = Debug|Any CPU
		{A1CC6FF0-A6C2-40AC-B3D5-96D627B1A91A}.Debug|Any CPU.Build.0 = Debug|Any CPU
		{A1CC6FF0-A6C2-40AC-B3D5-96D627B1A91A}.Release|Any CPU.ActiveCfg = Release|Any CPU
		{A1CC6FF0-A6C2-40AC-B3D5-96D627B1A91A}.Release|Any CPU.Build.0 = Release|Any CPU
		{6A04A9E0-33B4-4637-A284-0D498F8C9708}.Debug|Any CPU.ActiveCfg = Debug|Any CPU
		{6A04A9E0-33B4-4637-A284-0D498F8C9708}.Debug|Any CPU.Build.0 = Debug|Any CPU
		{6A04A9E0-33B4-4637-A284-0D498F8C9708}.Release|Any CPU.ActiveCfg = Release|Any CPU
		{6A04A9E0-33B4-4637-A284-0D498F8C9708}.Release|Any CPU.Build.0 = Release|Any CPU
		{595AC75A-35AB-440C-8E52-FE63F5162FA6}.Debug|Any CPU.ActiveCfg = Debug|Any CPU
		{595AC75A-35AB-440C-8E52-FE63F5162FA6}.Debug|Any CPU.Build.0 = Debug|Any CPU
		{595AC75A-35AB-440C-8E52-FE63F5162FA6}.Release|Any CPU.ActiveCfg = Release|Any CPU
		{595AC75A-35AB-440C-8E52-FE63F5162FA6}.Release|Any CPU.Build.0 = Release|Any CPU
	EndGlobalSection
	GlobalSection(SolutionProperties) = preSolution
		HideSolutionNode = FALSE
	EndGlobalSection
	GlobalSection(ExtensibilityGlobals) = postSolution
		SolutionGuid = {A8F80921-573F-4267-ADA2-C4C7ED84952A}
	EndGlobalSection
EndGlobal
